
Microsoft Visual Studio Solution File, Format Version 12.00
# Visual Studio Version 16
VisualStudioVersion = 16.0.30114.105
MinimumVisualStudioVersion = 10.0.40219.1
Project("{9A19103F-16F7-4668-BE54-9A1E7A4F7556}") = "API", "UI\API.csproj", "{1741913B-1454-475A-AD54-684D049C39C2}"
EndProject
Project("{9A19103F-16F7-4668-BE54-9A1E7A4F7556}") = "Service", "Service\Service.csproj", "{8F0BCA58-3AC8-4F3F-8B6E-12A9520D0B3A}"
EndProject
Project("{9A19103F-16F7-4668-BE54-9A1E7A4F7556}") = "Domain", "Domain\Domain.csproj", "{1B6AB1B6-1F0F-43E7-B276-D23D577AE1DA}"
EndProject
Project("{9A19103F-16F7-4668-BE54-9A1E7A4F7556}") = "Infrastructure", "Infrastructure\Infrastructure.csproj", "{B56443D1-790C-4613-BBD6-FE4DB598CA18}"
EndProject
Global
	GlobalSection(SolutionConfigurationPlatforms) = preSolution
		Debug|Any CPU = Debug|Any CPU
		Release|Any CPU = Release|Any CPU
	EndGlobalSection
	GlobalSection(ProjectConfigurationPlatforms) = postSolution
		{1741913B-1454-475A-AD54-684D049C39C2}.Debug|Any CPU.ActiveCfg = Debug|Any CPU
		{1741913B-1454-475A-AD54-684D049C39C2}.Debug|Any CPU.Build.0 = Debug|Any CPU
		{1741913B-1454-475A-AD54-684D049C39C2}.Release|Any CPU.ActiveCfg = Release|Any CPU
		{1741913B-1454-475A-AD54-684D049C39C2}.Release|Any CPU.Build.0 = Release|Any CPU
		{8F0BCA58-3AC8-4F3F-8B6E-12A9520D0B3A}.Debug|Any CPU.ActiveCfg = Debug|Any CPU
		{8F0BCA58-3AC8-4F3F-8B6E-12A9520D0B3A}.Debug|Any CPU.Build.0 = Debug|Any CPU
		{8F0BCA58-3AC8-4F3F-8B6E-12A9520D0B3A}.Release|Any CPU.ActiveCfg = Release|Any CPU
		{8F0BCA58-3AC8-4F3F-8B6E-12A9520D0B3A}.Release|Any CPU.Build.0 = Release|Any CPU
		{1B6AB1B6-1F0F-43E7-B276-D23D577AE1DA}.Debug|Any CPU.ActiveCfg = Debug|Any CPU
		{1B6AB1B6-1F0F-43E7-B276-D23D577AE1DA}.Debug|Any CPU.Build.0 = Debug|Any CPU
		{1B6AB1B6-1F0F-43E7-B276-D23D577AE1DA}.Release|Any CPU.ActiveCfg = Release|Any CPU
		{1B6AB1B6-1F0F-43E7-B276-D23D577AE1DA}.Release|Any CPU.Build.0 = Release|Any CPU
		{B56443D1-790C-4613-BBD6-FE4DB598CA18}.Debug|Any CPU.ActiveCfg = Debug|Any CPU
		{B56443D1-790C-4613-BBD6-FE4DB598CA18}.Debug|Any CPU.Build.0 = Debug|Any CPU
		{B56443D1-790C-4613-BBD6-FE4DB598CA18}.Release|Any CPU.ActiveCfg = Release|Any CPU
		{B56443D1-790C-4613-BBD6-FE4DB598CA18}.Release|Any CPU.Build.0 = Release|Any CPU
	EndGlobalSection
	GlobalSection(SolutionProperties) = preSolution
		HideSolutionNode = FALSE
	EndGlobalSection
	GlobalSection(ExtensibilityGlobals) = postSolution
		SolutionGuid = {C70E9F17-9748-4E2C-A72A-BD3A6B73CF2A}
	EndGlobalSection
EndGlobal
